github.com/fatih/color v1.0.0 h1:4zdNjpoprR9fed2QRCPb2VTPU4UFXEtJc9Vc+sgXkaQ=
github.com/fatih/color v1.0.0/go.mod h1:Zm6kSWBoL9eyXnKyktHP6abPY2pDugNf5KwzbycvMj4=
github.com/jeffail/tunny v0.0.0-20180304204616-59cfa8fcb19f h1:/g3Ah9sPxVw/5djv+hVjCkiIm5csSANpMzImtUrs0C4=
github.com/jeffail/tunny v0.0.0-20180304204616-59cfa8fcb19f/go.mod h1:xEtIQqKezH16r1oRe/zbA9XJ3nqMCcD5POAF/VhfXns=
github.com/mattn/go-colorable v0.1.2 h1:/bC9yWikZXAL9uJdulbSfyVNIR3n3trXl+v8+1sx8mU=
github.com/mattn/go-colorable v0.1.2/go.mod h1:U0ppj6V5qS13XJ6of8GYAs25YV2eR4EVcfRqFIhoBtE=
github.com/mattn/go-isatty v0.0.8 h1:HLtExJ+uU2HOZ+wI0Tt5DtUDrx8yhUqDcp7fYERX4CE=
github.com/mattn/go-isatty v0.0.8/go.mod h1:Iq45c/XA43vh69/j3iqttzPXn0bhXyGjM0Hdxcsrc5s=
github.com/urfave/cli v1.18.0 h1:m9MfmZWX7bwr9kUcs/Asr95j0IVXzGNNc+/5ku2m26Q=
github.com/urfave/cli v1.18.0/go.mod h1:70zkFmudgCuE/ngEzBv17Jvp/497gISqfk5gWijbERA=
github.com/urfave/cli v1.20.0 h1:fDqGv3UG/4jbVl/QkFwEdddtEDjh/5Ov6X+0B/3bPaw=
github.com/urfave/cli v1.20.0/go.mod h1:70zkFmudgCuE/ngEzBv17Jvp/497gISqfk5gWijbERA=
golang.org/x/sys v0.0.0-20190222072716-a9d3bda3a223 h1:DH4skfRX4EBpamg7iV4ZlCpblAHI6s6TDM39bFZumv8=
golang.org/x/sys v0.0.0-20190222072716-a9d3bda3a223/go.mod h1:STP8DvDyc/dI5b8T5hshtkjS+E42TnysNCUPdjciGhY=
